
Microsoft Visual Studio Solution File, Format Version 12.00
# Visual Studio Version 17
VisualStudioVersion = 17.14.36408.4 d17.14
MinimumVisualStudioVersion = 10.0.40219.1
Project("{FAE04EC0-301F-11D3-BF4B-00C04F79EFBC}") = "WinFormsApp4", "WinFormsApp4\WinFormsApp4.csproj", "{AF6CDFBC-715A-4B0E-9907-733084C13177}"
EndProject
Global
	GlobalSection(SolutionConfigurationPlatforms) = preSolution
		Debug|Any CPU = Debug|Any CPU
		Release|Any CPU = Release|Any CPU
	EndGlobalSection
	GlobalSection(ProjectConfigurationPlatforms) = postSolution
		{AF6CDFBC-715A-4B0E-9907-733084C13177}.Debug|Any CPU.ActiveCfg = Debug|Any CPU
		{AF6CDFBC-715A-4B0E-9907-733084C13177}.Debug|Any CPU.Build.0 = Debug|Any CPU
		{AF6CDFBC-715A-4B0E-9907-733084C13177}.Release|Any CPU.ActiveCfg = Release|Any CPU
		{AF6CDFBC-715A-4B0E-9907-733084C13177}.Release|Any CPU.Build.0 = Release|Any CPU
	EndGlobalSection
	GlobalSection(SolutionProperties) = preSolution
		HideSolutionNode = FALSE
	EndGlobalSection
	GlobalSection(ExtensibilityGlobals) = postSolution
		SolutionGuid = {C20DCB0D-A32B-4CDD-8C56-21C5B4F6D62A}
	EndGlobalSection
EndGlobal
